schema: '2.0'
stages:
  prepare:
    cmd: python src/preprocess.py
    deps:
    - path: dataset/features.csv
      hash: md5
      md5: 1dcee5abb218130c155b007b7b710026
      size: 25964
    - path: src/preprocess.py
      hash: md5
      md5: 74cbfae766b2ca90e702cead12a46ed1
      size: 797
    outs:
    - path: dataset/test.csv
      hash: md5
      md5: 734b2bd9f709983de870138ba6f7f012
      size: 2627
    - path: dataset/train.csv
      hash: md5
      md5: 596ce7d82b8110bae9e5a19f2e5f3b26
      size: 20732
    - path: dataset/val.csv
      hash: md5
      md5: b21fcb6ee16c98a7c6667d11d87e32c0
      size: 2627
  train:
    cmd: python src/train.py 50 0.2 3
    deps:
    - path: dataset/train.csv
      hash: md5
      md5: 596ce7d82b8110bae9e5a19f2e5f3b26
      size: 20732
    - path: dataset/val.csv
      hash: md5
      md5: b21fcb6ee16c98a7c6667d11d87e32c0
      size: 2627
    - path: src/train.py
      hash: md5
      md5: 5fa618276dcb6ab568c9b74e6d3e8a2c
      size: 1867
    outs:
    - path: metrics/train_metrics.json
      hash: md5
      md5: 241c154aa3211ff9c50eb8d7e4fdd579
      size: 92
    - path: models/model.bin
      hash: md5
      md5: c58779db8887da6db47ac11ace2c70e4
      size: 103567
    - path: plots/learning_curve.csv
      hash: md5
      md5: 9ae506bf0ee52ca486f128eb89c7876d
      size: 1189
  test:
    cmd: python src/test.py 0.9
    deps:
    - path: dataset/test.csv
      hash: md5
      md5: 734b2bd9f709983de870138ba6f7f012
      size: 2627
    - path: models/model.bin
      hash: md5
      md5: c58779db8887da6db47ac11ace2c70e4
      size: 103567
    - path: src/test.py
      hash: md5
      md5: b9518ae1f969d55b304944859e817f27
      size: 1369
    outs:
    - path: metrics/test_metrics.json
      hash: md5
      md5: b49f499b44d5d03c75d9a44c2fe3b053
      size: 91
    - path: plots/confusion_matrix.csv
      hash: md5
      md5: 10cda321ee47218c5aa9d73143a1b949
      size: 209
